
Microsoft Visual Studio Solution File, Format Version 12.00
# Visual Studio Version 16
VisualStudioVersion = 16.0.31410.357
MinimumVisualStudioVersion = 10.0.40219.1
Project("{FAE04EC0-301F-11D3-BF4B-00C04F79EFBC}") = "SeaBattle", "SeaBattle\SeaBattle.csproj", "{C2516753-7F89-494A-8682-7D49A06849E8}"
EndProject
Global
	GlobalSection(SolutionConfigurationPlatforms) = preSolution
		Debug|Any CPU = Debug|Any CPU
		Release|Any CPU = Release|Any CPU
	EndGlobalSection
	GlobalSection(ProjectConfigurationPlatforms) = postSolution
		{C2516753-7F89-494A-8682-7D49A06849E8}.Debug|Any CPU.ActiveCfg = Debug|Any CPU
		{C2516753-7F89-494A-8682-7D49A06849E8}.Debug|Any CPU.Build.0 = Debug|Any CPU
		{C2516753-7F89-494A-8682-7D49A06849E8}.Release|Any CPU.ActiveCfg = Release|Any CPU
		{C2516753-7F89-494A-8682-7D49A06849E8}.Release|Any CPU.Build.0 = Release|Any CPU
	EndGlobalSection
	GlobalSection(SolutionProperties) = preSolution
		HideSolutionNode = FALSE
	EndGlobalSection
	GlobalSection(ExtensibilityGlobals) = postSolution
		SolutionGuid = {74C16D90-D31D-4CA2-83CB-5936C796CEDC}
	EndGlobalSection
EndGlobal
