
Microsoft Visual Studio Solution File, Format Version 12.00
# Visual Studio Version 16
VisualStudioVersion = 16.0.31410.357
MinimumVisualStudioVersion = 10.0.40219.1
Project("{FAE04EC0-301F-11D3-BF4B-00C04F79EFBC}") = "App4", "App4\App4.csproj", "{1E5F9D1B-2B98-43AE-B00B-4581A189E549}"
EndProject
Global
	GlobalSection(SolutionConfigurationPlatforms) = preSolution
		Debug|Any CPU = Debug|Any CPU
		Release|Any CPU = Release|Any CPU
	EndGlobalSection
	GlobalSection(ProjectConfigurationPlatforms) = postSolution
		{1E5F9D1B-2B98-43AE-B00B-4581A189E549}.Debug|Any CPU.ActiveCfg = Debug|Any CPU
		{1E5F9D1B-2B98-43AE-B00B-4581A189E549}.Debug|Any CPU.Build.0 = Debug|Any CPU
		{1E5F9D1B-2B98-43AE-B00B-4581A189E549}.Release|Any CPU.ActiveCfg = Release|Any CPU
		{1E5F9D1B-2B98-43AE-B00B-4581A189E549}.Release|Any CPU.Build.0 = Release|Any CPU
	EndGlobalSection
	GlobalSection(SolutionProperties) = preSolution
		HideSolutionNode = FALSE
	EndGlobalSection
	GlobalSection(ExtensibilityGlobals) = postSolution
		SolutionGuid = {D00B2305-8A4A-4CF3-9631-80BEE13FFF95}
	EndGlobalSection
EndGlobal
